
Microsoft Visual Studio Solution File, Format Version 12.00
# Visual Studio Version 17
VisualStudioVersion = 17.7.34031.279
MinimumVisualStudioVersion = 10.0.40219.1
Project("{FAE04EC0-301F-11D3-BF4B-00C04F79EFBC}") = "Motorcycle", "Motorcycle\Motorcycle.csproj", "{4CD44F33-6B45-48F2-A554-D048A7157371}"
EndProject
Global
	GlobalSection(SolutionConfigurationPlatforms) = preSolution
		Debug|Any CPU = Debug|Any CPU
		Release|Any CPU = Release|Any CPU
	EndGlobalSection
	GlobalSection(ProjectConfigurationPlatforms) = postSolution
		{4CD44F33-6B45-48F2-A554-D048A7157371}.Debug|Any CPU.ActiveCfg = Debug|Any CPU
		{4CD44F33-6B45-48F2-A554-D048A7157371}.Debug|Any CPU.Build.0 = Debug|Any CPU
		{4CD44F33-6B45-48F2-A554-D048A7157371}.Release|Any CPU.ActiveCfg = Release|Any CPU
		{4CD44F33-6B45-48F2-A554-D048A7157371}.Release|Any CPU.Build.0 = Release|Any CPU
	EndGlobalSection
	GlobalSection(SolutionProperties) = preSolution
		HideSolutionNode = FALSE
	EndGlobalSection
	GlobalSection(ExtensibilityGlobals) = postSolution
		SolutionGuid = {3F572545-2231-4B2D-B8CD-14A837320637}
	EndGlobalSection
EndGlobal
