
Microsoft Visual Studio Solution File, Format Version 12.00
# Visual Studio Version 17
VisualStudioVersion = 17.7.34031.279
MinimumVisualStudioVersion = 10.0.40219.1
Project("{FAE04EC0-301F-11D3-BF4B-00C04F79EFBC}") = "Students", "Students\Students.csproj", "{CE12E731-D5A9-42D1-9865-FD275DB546DF}"
EndProject
Global
	GlobalSection(SolutionConfigurationPlatforms) = preSolution
		Debug|Any CPU = Debug|Any CPU
		Release|Any CPU = Release|Any CPU
	EndGlobalSection
	GlobalSection(ProjectConfigurationPlatforms) = postSolution
		{CE12E731-D5A9-42D1-9865-FD275DB546DF}.Debug|Any CPU.ActiveCfg = Debug|Any CPU
		{CE12E731-D5A9-42D1-9865-FD275DB546DF}.Debug|Any CPU.Build.0 = Debug|Any CPU
		{CE12E731-D5A9-42D1-9865-FD275DB546DF}.Release|Any CPU.ActiveCfg = Release|Any CPU
		{CE12E731-D5A9-42D1-9865-FD275DB546DF}.Release|Any CPU.Build.0 = Release|Any CPU
	EndGlobalSection
	GlobalSection(SolutionProperties) = preSolution
		HideSolutionNode = FALSE
	EndGlobalSection
	GlobalSection(ExtensibilityGlobals) = postSolution
		SolutionGuid = {1AE75B00-4708-4517-B0BB-DA27082867E3}
	EndGlobalSection
EndGlobal
